// !$*UTF8*$!
{
	archiveVersion = 1;
	classes = {
	};
	objectVersion = 46;
	objects = {

/* Begin PBXBuildFile section */
		7CD32957190A89390072FAB3 /* Reveal.framework in Frameworks */ = {isa = PBXBuildFile; fileRef = 7CD32956190A89390072FAB3 /* Reveal.framework */; };
		7CFF7B7B18EEAB4900A674F2 /* Foundation.framework in Frameworks */ = {isa = PBXBuildFile; fileRef = 7CFF7B7A18EEAB4900A674F2 /* Foundation.framework */; };
		7CFF7B7D18EEAB4900A674F2 /* CoreGraphics.framework in Frameworks */ = {isa = PBXBuildFile; fileRef = 7CFF7B7C18EEAB4900A674F2 /* CoreGraphics.framework */; };
		7CFF7B7F18EEAB4900A674F2 /* UIKit.framework in Frameworks */ = {isa = PBXBuildFile; fileRef = 7CFF7B7E18EEAB4900A674F2 /* UIKit.framework */; };
		7CFF7B8518EEAB4900A674F2 /* InfoPlist.strings in Resources */ = {isa = PBXBuildFile; fileRef = 7CFF7B8318EEAB4900A674F2 /* InfoPlist.strings */; };
		7CFF7B8718EEAB4900A674F2 /* main.m in Sources */ = {isa = PBXBuildFile; fileRef = 7CFF7B8618EEAB4900A674F2 /* main.m */; };
		7CFF7B8B18EEAB4900A674F2 /* AppDelegate.m in Sources */ = {isa = PBXBuildFile; fileRef = 7CFF7B8A18EEAB4900A674F2 /* AppDelegate.m */; };
		7CFF7B8E18EEAB4900A674F2 /* iPhone.storyboard in Resources */ = {isa = PBXBuildFile; fileRef = 7CFF7B8C18EEAB4900A674F2 /* iPhone.storyboard */; };
		7CFF7B9118EEAB4900A674F2 /* iPad.storyboard in Resources */ = {isa = PBXBuildFile; fileRef = 7CFF7B8F18EEAB4900A674F2 /* iPad.storyboard */; };
		7CFF7B9618EEAB4900A674F2 /* Images.xcassets in Resources */ = {isa = PBXBuildFile; fileRef = 7CFF7B9518EEAB4900A674F2 /* Images.xcassets */; };
		7CFF7BC318EED67E00A674F2 /* PagerViewController.m in Sources */ = {isa = PBXBuildFile; fileRef = 7CFF7BC218EED67E00A674F2 /* PagerViewController.m */; };
		7CFF7BC618EED85D00A674F2 /* PagerLayout.m in Sources */ = {isa = PBXBuildFile; fileRef = 7CFF7BC518EED85D00A674F2 /* PagerLayout.m */; };
/* End PBXBuildFile section */

/* Begin PBXFileReference section */
		7CD32956190A89390072FAB3 /* Reveal.framework */ = {isa = PBXFileReference; lastKnownFileType = wrapper.framework; name = Reveal.framework; path = "../../../../Applications/Reveal.app/Contents/SharedSupport/iOS-Libraries/Reveal.framework"; sourceTree = "<group>"; };
		7CFF7B7718EEAB4900A674F2 /* Canvas.app */ = {isa = PBXFileReference; explicitFileType = wrapper.application; includeInIndex = 0; path = Canvas.app; sourceTree = BUILT_PRODUCTS_DIR; };
		7CFF7B7A18EEAB4900A674F2 /* Foundation.framework */ = {isa = PBXFileReference; lastKnownFileType = wrapper.framework; name = Foundation.framework; path = System/Library/Frameworks/Foundation.framework; sourceTree = SDKROOT; };
		7CFF7B7C18EEAB4900A674F2 /* CoreGraphics.framework */ = {isa = PBXFileReference; lastKnownFileType = wrapper.framework; name = CoreGraphics.framework; path = System/Library/Frameworks/CoreGraphics.framework; sourceTree = SDKROOT; };
		7CFF7B7E18EEAB4900A674F2 /* UIKit.framework */ = {isa = PBXFileReference; lastKnownFileType = wrapper.framework; name = UIKit.framework; path = System/Library/Frameworks/UIKit.framework; sourceTree = SDKROOT; };
		7CFF7B8218EEAB4900A674F2 /* Canvas-Info.plist */ = {isa = PBXFileReference; lastKnownFileType = text.plist.xml; path = "Canvas-Info.plist"; sourceTree = "<group>"; };
		7CFF7B8418EEAB4900A674F2 /* en */ = {isa = PBXFileReference; lastKnownFileType = text.plist.strings; name = en; path = en.lproj/InfoPlist.strings; sourceTree = "<group>"; };
		7CFF7B8618EEAB4900A674F2 /* main.m */ = {isa = PBXFileReference; lastKnownFileType = sourcecode.c.objc; path = main.m; sourceTree = "<group>"; };
		7CFF7B8818EEAB4900A674F2 /* Canvas-Prefix.pch */ = {isa = PBXFileReference; lastKnownFileType = sourcecode.c.h; path = "Canvas-Prefix.pch"; sourceTree = "<group>"; };
		7CFF7B8918EEAB4900A674F2 /* AppDelegate.h */ = {isa = PBXFileReference; lastKnownFileType = sourcecode.c.h; path = AppDelegate.h; sourceTree = "<group>"; };
		7CFF7B8A18EEAB4900A674F2 /* AppDelegate.m */ = {isa = PBXFileReference; lastKnownFileType = sourcecode.c.objc; path = AppDelegate.m; sourceTree = "<group>"; };
		7CFF7B8D18EEAB4900A674F2 /* Base */ = {isa = PBXFileReference; lastKnownFileType = file.storyboard; name = Base; path = Base.lproj/iPhone.storyboard; sourceTree = "<group>"; };
		7CFF7B9018EEAB4900A674F2 /* Base */ = {isa = PBXFileReference; lastKnownFileType = file.storyboard; name = Base; path = Base.lproj/iPad.storyboard; sourceTree = "<group>"; };
		7CFF7B9518EEAB4900A674F2 /* Images.xcassets */ = {isa = PBXFileReference; lastKnownFileType = folder.assetcatalog; path = Images.xcassets; sourceTree = "<group>"; };
		7CFF7BC118EED67E00A674F2 /* PagerViewController.h */ = {isa = PBXFileReference; fileEncoding = 4; lastKnownFileType = sourcecode.c.h; path = PagerViewController.h; sourceTree = "<group>"; };
		7CFF7BC218EED67E00A674F2 /* PagerViewController.m */ = {isa = PBXFileReference; fileEncoding = 4; lastKnownFileType = sourcecode.c.objc; path = PagerViewController.m; sourceTree = "<group>"; };
		7CFF7BC418EED85D00A674F2 /* PagerLayout.h */ = {isa = PBXFileReference; fileEncoding = 4; lastKnownFileType = sourcecode.c.h; path = PagerLayout.h; sourceTree = "<group>"; };
		7CFF7BC518EED85D00A674F2 /* PagerLayout.m */ = {isa = PBXFileReference; fileEncoding = 4; lastKnownFileType = sourcecode.c.objc; path = PagerLayout.m; sourceTree = "<group>"; };
/* End PBXFileReference section */

/* Begin PBXFrameworksBuildPhase section */
		7CFF7B7418EEAB4900A674F2 /* Frameworks */ = {
			isa = PBXFrameworksBuildPhase;
			buildActionMask = 2147483647;
			files = (
				7CFF7B7D18EEAB4900A674F2 /* CoreGraphics.framework in Frameworks */,
				7CFF7B7F18EEAB4900A674F2 /* UIKit.framework in Frameworks */,
				7CFF7B7B18EEAB4900A674F2 /* Foundation.framework in Frameworks */,
				7CD32957190A89390072FAB3 /* Reveal.framework in Frameworks */,
			);
			runOnlyForDeploymentPostprocessing = 0;
		};
/* End PBXFrameworksBuildPhase section */

/* Begin PBXGroup section */
		7CFF7B6E18EEAB4900A674F2 = {
			isa = PBXGroup;
			children = (
				7CFF7B8018EEAB4900A674F2 /* Canvas */,
				7CFF7B7918EEAB4900A674F2 /* Frameworks */,
				7CFF7B7818EEAB4900A674F2 /* Products */,
			);
			sourceTree = "<group>";
		};
		7CFF7B7818EEAB4900A674F2 /* Products */ = {
			isa = PBXGroup;
			children = (
				7CFF7B7718EEAB4900A674F2 /* Canvas.app */,
			);
			name = Products;
			sourceTree = "<group>";
		};
		7CFF7B7918EEAB4900A674F2 /* Frameworks */ = {
			isa = PBXGroup;
			children = (
				7CFF7B7A18EEAB4900A674F2 /* Foundation.framework */,
				7CFF7B7C18EEAB4900A674F2 /* CoreGraphics.framework */,
				7CD32956190A89390072FAB3 /* Reveal.framework */,
				7CFF7B7E18EEAB4900A674F2 /* UIKit.framework */,
			);
			name = Frameworks;
			sourceTree = "<group>";
		};
		7CFF7B8018EEAB4900A674F2 /* Canvas */ = {
			isa = PBXGroup;
			children = (
				7CFF7B8918EEAB4900A674F2 /* AppDelegate.h */,
				7CFF7B8A18EEAB4900A674F2 /* AppDelegate.m */,
				7CFF7B8C18EEAB4900A674F2 /* iPhone.storyboard */,
				7CFF7B8F18EEAB4900A674F2 /* iPad.storyboard */,
				7CFF7BC418EED85D00A674F2 /* PagerLayout.h */,
				7CFF7BC518EED85D00A674F2 /* PagerLayout.m */,
				7CFF7BC118EED67E00A674F2 /* PagerViewController.h */,
				7CFF7BC218EED67E00A674F2 /* PagerViewController.m */,
				7CFF7B9518EEAB4900A674F2 /* Images.xcassets */,
				7CFF7B8118EEAB4900A674F2 /* Supporting Files */,
			);
			path = Canvas;
			sourceTree = "<group>";
		};
		7CFF7B8118EEAB4900A674F2 /* Supporting Files */ = {
			isa = PBXGroup;
			children = (
				7CFF7B8218EEAB4900A674F2 /* Canvas-Info.plist */,
				7CFF7B8318EEAB4900A674F2 /* InfoPlist.strings */,
				7CFF7B8618EEAB4900A674F2 /* main.m */,
				7CFF7B8818EEAB4900A674F2 /* Canvas-Prefix.pch */,
			);
			name = "Supporting Files";
			sourceTree = "<group>";
		};
/* End PBXGroup section */

/* Begin PBXNativeTarget section */
		7CFF7B7618EEAB4900A674F2 /* Canvas */ = {
			isa = PBXNativeTarget;
			buildConfigurationList = 7CFF7BAC18EEAB4900A674F2 /* Build configuration list for PBXNativeTarget "Canvas" */;
			buildPhases = (
				7CFF7B7318EEAB4900A674F2 /* Sources */,
				7CFF7B7418EEAB4900A674F2 /* Frameworks */,
				7CFF7B7518EEAB4900A674F2 /* Resources */,
			);
			buildRules = (
			);
			dependencies = (
			);
			name = Canvas;
			productName = Canvas;
			productReference = 7CFF7B7718EEAB4900A674F2 /* Canvas.app */;
			productType = "com.apple.product-type.application";
		};
/* End PBXNativeTarget section */

/* Begin PBXProject section */
		7CFF7B6F18EEAB4900A674F2 /* Project object */ = {
			isa = PBXProject;
			attributes = {
				LastUpgradeCheck = 0510;
				ORGANIZATIONNAME = webBox.io;
			};
			buildConfigurationList = 7CFF7B7218EEAB4900A674F2 /* Build configuration list for PBXProject "Canvas" */;
			compatibilityVersion = "Xcode 3.2";
			developmentRegion = English;
			hasScannedForEncodings = 0;
			knownRegions = (
				en,
				Base,
			);
			mainGroup = 7CFF7B6E18EEAB4900A674F2;
			productRefGroup = 7CFF7B7818EEAB4900A674F2 /* Products */;
			projectDirPath = "";
			projectRoot = "";
			targets = (
				7CFF7B7618EEAB4900A674F2 /* Canvas */,
			);
		};
/* End PBXProject section */

/* Begin PBXResourcesBuildPhase section */
		7CFF7B7518EEAB4900A674F2 /* Resources */ = {
			isa = PBXResourcesBuildPhase;
			buildActionMask = 2147483647;
			files = (
				7CFF7B9118EEAB4900A674F2 /* iPad.storyboard in Resources */,
				7CFF7B9618EEAB4900A674F2 /* Images.xcassets in Resources */,
				7CFF7B8E18EEAB4900A674F2 /* iPhone.storyboard in Resources */,
				7CFF7B8518EEAB4900A674F2 /* InfoPlist.strings in Resources */,
			);
			runOnlyForDeploymentPostprocessing = 0;
		};
/* End PBXResourcesBuildPhase section */

/* Begin PBXSourcesBuildPhase section */
		7CFF7B7318EEAB4900A674F2 /* Sources */ = {
			isa = PBXSourcesBuildPhase;
			buildActionMask = 2147483647;
			files = (
				7CFF7BC618EED85D00A674F2 /* PagerLayout.m in Sources */,
				7CFF7B8B18EEAB4900A674F2 /* AppDelegate.m in Sources */,
				7CFF7BC318EED67E00A674F2 /* PagerViewController.m in Sources */,
				7CFF7B8718EEAB4900A674F2 /* main.m in Sources */,
			);
			runOnlyForDeploymentPostprocessing = 0;
		};
/* End PBXSourcesBuildPhase section */

/* Begin PBXVariantGroup section */
		7CFF7B8318EEAB4900A674F2 /* InfoPlist.strings */ = {
			isa = PBXVariantGroup;
			children = (
				7CFF7B8418EEAB4900A674F2 /* en */,
			);
			name = InfoPlist.strings;
			sourceTree = "<group>";
		};
		7CFF7B8C18EEAB4900A674F2 /* iPhone.storyboard */ = {
			isa = PBXVariantGroup;
			children = (
				7CFF7B8D18EEAB4900A674F2 /* Base */,
			);
			name = iPhone.storyboard;
			sourceTree = "<group>";
		};
		7CFF7B8F18EEAB4900A674F2 /* iPad.storyboard */ = {
			isa = PBXVariantGroup;
			children = (
				7CFF7B9018EEAB4900A674F2 /* Base */,
			);
			name = iPad.storyboard;
			sourceTree = "<group>";
		};
/* End PBXVariantGroup section */

/* Begin XCBuildConfiguration section */
		7CFF7BAA18EEAB4900A674F2 /* Debug */ = {
			isa = XCBuildConfiguration;
			buildSettings = {
				ALWAYS_SEARCH_USER_PATHS = NO;
				CLANG_CXX_LANGUAGE_STANDARD = "gnu++0x";
				CLANG_CXX_LIBRARY = "libc++";
				CLANG_ENABLE_MODULES = YES;
				CLANG_ENABLE_OBJC_ARC = YES;
				CLANG_WARN_BOOL_CONVERSION = YES;
				CLANG_WARN_CONSTANT_CONVERSION = YES;
				CLANG_WARN_DIRECT_OBJC_ISA_USAGE = YES_ERROR;
				CLANG_WARN_EMPTY_BODY = YES;
				CLANG_WARN_ENUM_CONVERSION = YES;
				CLANG_WARN_INT_CONVERSION = YES;
				CLANG_WARN_OBJC_ROOT_CLASS = YES_ERROR;
				CLANG_WARN__DUPLICATE_METHOD_MATCH = YES;
				"CODE_SIGN_IDENTITY[sdk=iphoneos*]" = "iPhone Developer";
				COPY_PHASE_STRIP = NO;
				GCC_C_LANGUAGE_STANDARD = gnu99;
				GCC_DYNAMIC_NO_PIC = NO;
				GCC_OPTIMIZATION_LEVEL = 0;
				GCC_PREPROCESSOR_DEFINITIONS = (
					"DEBUG=1",
					"$(inherited)",
				);
				GCC_SYMBOLS_PRIVATE_EXTERN = NO;
				GCC_WARN_64_TO_32_BIT_CONVERSION = YES;
				GCC_WARN_ABOUT_RETURN_TYPE = YES_ERROR;
				GCC_WARN_UNDECLARED_SELECTOR = YES;
				GCC_WARN_UNINITIALIZED_AUTOS = YES_AGGRESSIVE;
				GCC_WARN_UNUSED_FUNCTION = YES;
				GCC_WARN_UNUSED_VARIABLE = YES;
				IPHONEOS_DEPLOYMENT_TARGET = 7.1;
				ONLY_ACTIVE_ARCH = YES;
				SDKROOT = iphoneos;
				TARGETED_DEVICE_FAMILY = "1,2";
			};
			name = Debug;
		};
		7CFF7BAB18EEAB4900A674F2 /* Release */ = {
			isa = XCBuildConfiguration;
			buildSettings = {
				ALWAYS_SEARCH_USER_PATHS = NO;
				CLANG_CXX_LANGUAGE_STANDARD = "gnu++0x";
				CLANG_CXX_LIBRARY = "libc++";
				CLANG_ENABLE_MODULES = YES;
				CLANG_ENABLE_OBJC_ARC = YES;
				CLANG_WARN_BOOL_CONVERSION = YES;
				CLANG_WARN_CONSTANT_CONVERSION = YES;
				CLANG_WARN_DIRECT_OBJC_ISA_USAGE = YES_ERROR;
				CLANG_WARN_EMPTY_BODY = YES;
				CLANG_WARN_ENUM_CONVERSION = YES;
				CLANG_WARN_INT_CONVERSION = YES;
				CLANG_WARN_OBJC_ROOT_CLASS = YES_ERROR;
				CLANG_WARN__DUPLICATE_METHOD_MATCH = YES;
				"CODE_SIGN_IDENTITY[sdk=iphoneos*]" = "iPhone Developer";
				COPY_PHASE_STRIP = YES;
				ENABLE_NS_ASSERTIONS = NO;
				GCC_C_LANGUAGE_STANDARD = gnu99;
				GCC_WARN_64_TO_32_BIT_CONVERSION = YES;
				GCC_WARN_ABOUT_RETURN_TYPE = YES_ERROR;
				GCC_WARN_UNDECLARED_SELECTOR = YES;
				GCC_WARN_UNINITIALIZED_AUTOS = YES_AGGRESSIVE;
				GCC_WARN_UNUSED_FUNCTION = YES;
				GCC_WARN_UNUSED_VARIABLE = YES;
				IPHONEOS_DEPLOYMENT_TARGET = 7.1;
				SDKROOT = iphoneos;
				TARGETED_DEVICE_FAMILY = "1,2";
				VALIDATE_PRODUCT = YES;
			};
			name = Release;
		};
		7CFF7BAD18EEAB4900A674F2 /* Debug */ = {
			isa = XCBuildConfiguration;
			buildSettings = {
				ASSETCATALOG_COMPILER_APPICON_NAME = AppIcon;
				ASSETCATALOG_COMPILER_LAUNCHIMAGE_NAME = LaunchImage;
				FRAMEWORK_SEARCH_PATHS = (
					"$(inherited)",
					"$(SYSTEM_APPS_DIR)/Reveal.app/Contents/SharedSupport/iOS-Libraries",
				);
				GCC_PRECOMPILE_PREFIX_HEADER = YES;
				GCC_PREFIX_HEADER = "Canvas/Canvas-Prefix.pch";
				INFOPLIST_FILE = "Canvas/Canvas-Info.plist";
				IPHONEOS_DEPLOYMENT_TARGET = 7.0;
				OTHER_LDFLAGS = "-ObjC";
				PRODUCT_NAME = "$(TARGET_NAME)";
				WRAPPER_EXTENSION = app;
			};
			name = Debug;
		};
		7CFF7BAE18EEAB4900A674F2 /* Release */ = {
			isa = XCBuildConfiguration;
			buildSettings = {
				ASSETCATALOG_COMPILER_APPICON_NAME = AppIcon;
				ASSETCATALOG_COMPILER_LAUNCHIMAGE_NAME = LaunchImage;
				FRAMEWORK_SEARCH_PATHS = (
					"$(inherited)",
					"$(SYSTEM_APPS_DIR)/Reveal.app/Contents/SharedSupport/iOS-Libraries",
				);
				GCC_PRECOMPILE_PREFIX_HEADER = YES;
				GCC_PREFIX_HEADER = "Canvas/Canvas-Prefix.pch";
				INFOPLIST_FILE = "Canvas/Canvas-Info.plist";
				IPHONEOS_DEPLOYMENT_TARGET = 7.0;
				OTHER_LDFLAGS = "-ObjC";
				PRODUCT_NAME = "$(TARGET_NAME)";
				WRAPPER_EXTENSION = app;
			};
			name = Release;
		};
/* End XCBuildConfiguration section */

/* Begin XCConfigurationList section */
		7CFF7B7218EEAB4900A674F2 /* Build configuration list for PBXProject "Canvas" */ = {
			isa = XCConfigurationList;
			buildConfigurations = (
				7CFF7BAA18EEAB4900A674F2 /* Debug */,
				7CFF7BAB18EEAB4900A674F2 /* Release */,
			);
			defaultConfigurationIsVisible = 0;
			defaultConfigurationName = Release;
		};
		7CFF7BAC18EEAB4900A674F2 /* Build configuration list for PBXNativeTarget "Canvas" */ = {
			isa = XCConfigurationList;
			buildConfigurations = (
				7CFF7BAD18EEAB4900A674F2 /* Debug */,
				7CFF7BAE18EEAB4900A674F2 /* Release */,
			);
			defaultConfigurationIsVisible = 0;
			defaultConfigurationName = Release;
		};
/* End XCConfigurationList section */
	};
	rootObject = 7CFF7B6F18EEAB4900A674F2 /* Project object */;
}
